
Microsoft Visual Studio Solution File, Format Version 12.00
# Visual Studio Version 17
VisualStudioVersion = 17.3.32922.545
MinimumVisualStudioVersion = 10.0.40219.1
Project("{FAE04EC0-301F-11D3-BF4B-00C04F79EFBC}") = "Zaverecnyprojekt", "Zaverecnyprojekt\Zaverecnyprojekt.csproj", "{094B08C1-412F-4CD5-9A62-B7AF89A3A907}"
EndProject
Global
	GlobalSection(SolutionConfigurationPlatforms) = preSolution
		Debug|Any CPU = Debug|Any CPU
		Release|Any CPU = Release|Any CPU
	EndGlobalSection
	GlobalSection(ProjectConfigurationPlatforms) = postSolution
		{094B08C1-412F-4CD5-9A62-B7AF89A3A907}.Debug|Any CPU.ActiveCfg = Debug|Any CPU
		{094B08C1-412F-4CD5-9A62-B7AF89A3A907}.Debug|Any CPU.Build.0 = Debug|Any CPU
		{094B08C1-412F-4CD5-9A62-B7AF89A3A907}.Release|Any CPU.ActiveCfg = Release|Any CPU
		{094B08C1-412F-4CD5-9A62-B7AF89A3A907}.Release|Any CPU.Build.0 = Release|Any CPU
	EndGlobalSection
	GlobalSection(SolutionProperties) = preSolution
		HideSolutionNode = FALSE
	EndGlobalSection
	GlobalSection(ExtensibilityGlobals) = postSolution
		SolutionGuid = {138AFF4A-37A2-4A76-A029-B1E5A2C0D691}
	EndGlobalSection
EndGlobal
